
Microsoft Visual Studio Solution File, Format Version 12.00
# Visual Studio 15
Project("{FAE04EC0-301F-11D3-BF4B-00C04F79EFBC}") = "MedicalDirector.MaxReeves", "MedicalDirector.MaxReeves\MedicalDirector.MaxReeves.csproj", "{2FE21E1A-C83C-4FD5-A999-E724B73EAB95}"
EndProject
Global
	GlobalSection(SolutionConfigurationPlatforms) = preSolution
		Debug|anycpu = Debug|anycpu
		Release|anycpu = Release|anycpu
	EndGlobalSection
	GlobalSection(ProjectConfigurationPlatforms) = postSolution
		{2FE21E1A-C83C-4FD5-A999-E724B73EAB95}.Debug|anycpu.ActiveCfg = Debug|anycpu
		{2FE21E1A-C83C-4FD5-A999-E724B73EAB95}.Debug|anycpu.Build.0 = Debug|anycpu
		{2FE21E1A-C83C-4FD5-A999-E724B73EAB95}.Release|anycpu.ActiveCfg = Release|anycpu
		{2FE21E1A-C83C-4FD5-A999-E724B73EAB95}.Release|anycpu.Build.0 = Release|anycpu
	EndGlobalSection
EndGlobal
